
Microsoft Visual Studio Solution File, Format Version 12.00
# Visual Studio Version 17
VisualStudioVersion = 17.14.36109.1 d17.14
MinimumVisualStudioVersion = 10.0.40219.1
Project("{FAE04EC0-301F-11D3-BF4B-00C04F79EFBC}") = "ToDoList", "ToDoList\ToDoList.csproj", "{C5BDB746-49DF-4661-A15F-A05135744441}"
EndProject
Global
	GlobalSection(SolutionConfigurationPlatforms) = preSolution
		Debug|Any CPU = Debug|Any CPU
		Release|Any CPU = Release|Any CPU
	EndGlobalSection
	GlobalSection(ProjectConfigurationPlatforms) = postSolution
		{C5BDB746-49DF-4661-A15F-A05135744441}.Debug|Any CPU.ActiveCfg = Debug|Any CPU
		{C5BDB746-49DF-4661-A15F-A05135744441}.Debug|Any CPU.Build.0 = Debug|Any CPU
		{C5BDB746-49DF-4661-A15F-A05135744441}.Release|Any CPU.ActiveCfg = Release|Any CPU
		{C5BDB746-49DF-4661-A15F-A05135744441}.Release|Any CPU.Build.0 = Release|Any CPU
	EndGlobalSection
	GlobalSection(SolutionProperties) = preSolution
		HideSolutionNode = FALSE
	EndGlobalSection
	GlobalSection(ExtensibilityGlobals) = postSolution
		SolutionGuid = {654CC68E-18BD-49BA-941D-2A7C8EFCBFC1}
	EndGlobalSection
EndGlobal
